
Microsoft Visual Studio Solution File, Format Version 12.00
# Visual Studio Version 16
VisualStudioVersion = 16.0.29613.14
MinimumVisualStudioVersion = 10.0.40219.1
Project("{FAE04EC0-301F-11D3-BF4B-00C04F79EFBC}") = "WebOne", "WebOne\WebOne.csproj", "{24C51342-33C9-4239-A73F-AD6893F3727A}"
EndProject
Global
	GlobalSection(SolutionConfigurationPlatforms) = preSolution
		Debug|Any CPU = Debug|Any CPU
		Release|Any CPU = Release|Any CPU
	EndGlobalSection
	GlobalSection(ProjectConfigurationPlatforms) = postSolution
		{24C51342-33C9-4239-A73F-AD6893F3727A}.Debug|Any CPU.ActiveCfg = Debug|Any CPU
		{24C51342-33C9-4239-A73F-AD6893F3727A}.Debug|Any CPU.Build.0 = Debug|Any CPU
		{24C51342-33C9-4239-A73F-AD6893F3727A}.Release|Any CPU.ActiveCfg = Release|Any CPU
		{24C51342-33C9-4239-A73F-AD6893F3727A}.Release|Any CPU.Build.0 = Release|Any CPU
	EndGlobalSection
	GlobalSection(SolutionProperties) = preSolution
		HideSolutionNode = FALSE
	EndGlobalSection
	GlobalSection(ExtensibilityGlobals) = postSolution
		SolutionGuid = {5690ECD1-720C-49CE-B867-BAC0FF2346F2}
	EndGlobalSection
EndGlobal
